{
  "version": 4,
  "terraform_version": "0.12.26",
  "serial": 7,
  "lineage": "5fc28775-3ba3-0943-3cb5-04ddb5e27e47",
  "outputs": {},
  "resources": [
    {
      "mode": "managed",
      "type": "google_compute_instance",
      "name": "vm_instance",
      "provider": "provider.google",
      "instances": [
        {
          "schema_version": 6,
          "attributes": {
            "allow_stopping_for_update": null,
            "attached_disk": [],
            "boot_disk": [
              {
                "auto_delete": true,
                "device_name": "persistent-disk-0",
                "disk_encryption_key_raw": "",
                "disk_encryption_key_sha256": "",
                "initialize_params": [
                  {
                    "image": "https://www.googleapis.com/compute/v1/projects/ubuntu-os-cloud/global/images/ubuntu-1804-bionic-v20200807",
                    "labels": {},
                    "size": 10,
                    "type": "pd-standard"
                  }
                ],
                "kms_key_self_link": "",
                "mode": "READ_WRITE",
                "source": "https://www.googleapis.com/compute/v1/projects/round-water-280322/zones/us-central1-a/disks/lift-trace"
              }
            ],
            "can_ip_forward": false,
            "cpu_platform": "Intel Haswell",
            "current_status": "RUNNING",
            "deletion_protection": false,
            "description": "",
            "desired_status": null,
            "enable_display": false,
            "guest_accelerator": [],
            "hostname": "",
            "id": "projects/round-water-280322/zones/us-central1-a/instances/lift-trace",
            "instance_id": "6607564650267289982",
            "label_fingerprint": "9bgi9XaG0T4=",
            "labels": {
              "purpose": "lift-trace"
            },
            "machine_type": "f1-micro",
            "metadata": {
              "gce_container-declaration": "spec:\n  containers:\n    - name: test-docker\n      image: 'automaus/lift-trace:latest'\n      stdin: false\n      tty: false\n  restartPolicy: Always\n"
            },
            "metadata_fingerprint": "hybJ_oEXeYg=",
            "metadata_startup_script": "",
            "min_cpu_platform": "",
            "name": "lift-trace",
            "network_interface": [
              {
                "access_config": [],
                "alias_ip_range": [],
                "name": "nic0",
                "network": "https://www.googleapis.com/compute/v1/projects/round-water-280322/global/networks/default",
                "network_ip": "10.128.0.7",
                "subnetwork": "https://www.googleapis.com/compute/v1/projects/round-water-280322/regions/us-central1/subnetworks/default",
                "subnetwork_project": "round-water-280322"
              }
            ],
            "project": "round-water-280322",
            "resource_policies": null,
            "scheduling": [
              {
                "automatic_restart": true,
                "node_affinities": [],
                "on_host_maintenance": "MIGRATE",
                "preemptible": false
              }
            ],
            "scratch_disk": [],
            "self_link": "https://www.googleapis.com/compute/v1/projects/round-water-280322/zones/us-central1-a/instances/lift-trace",
            "service_account": [],
            "shielded_instance_config": [
              {
                "enable_integrity_monitoring": true,
                "enable_secure_boot": false,
                "enable_vtpm": true
              }
            ],
            "tags": [
              "http-server"
            ],
            "tags_fingerprint": "FYLDgkTKlA4=",
            "timeouts": null,
            "zone": "us-central1-a"
          },
          "private": "eyJlMmJmYjczMC1lY2FhLTExZTYtOGY4OC0zNDM2M2JjN2M0YzAiOnsiY3JlYXRlIjoxMjAwMDAwMDAwMDAwLCJkZWxldGUiOjEyMDAwMDAwMDAwMDAsInVwZGF0ZSI6MTIwMDAwMDAwMDAwMH0sInNjaGVtYV92ZXJzaW9uIjoiNiJ9"
        }
      ]
    },
    {
      "mode": "managed",
      "type": "google_sql_database",
      "name": "liftdata",
      "provider": "provider.google",
      "instances": [
        {
          "schema_version": 0,
          "attributes": {
            "charset": "utf8",
            "collation": "utf8_general_ci",
            "id": "projects/round-water-280322/instances/db/databases/liftdata",
            "instance": "db",
            "name": "liftdata",
            "project": "round-water-280322",
            "self_link": "https://sqladmin.googleapis.com/sql/v1beta4/projects/round-water-280322/instances/db/databases/liftdata",
            "timeouts": null
          },
          "private": "eyJlMmJmYjczMC1lY2FhLTExZTYtOGY4OC0zNDM2M2JjN2M0YzAiOnsiY3JlYXRlIjo5MDAwMDAwMDAwMDAsImRlbGV0ZSI6NjAwMDAwMDAwMDAwLCJ1cGRhdGUiOjYwMDAwMDAwMDAwMH19",
          "dependencies": [
            "google_sql_database_instance.db"
          ]
        }
      ]
    },
    {
      "mode": "managed",
      "type": "google_sql_database_instance",
      "name": "db",
      "provider": "provider.google",
      "instances": [
        {
          "schema_version": 0,
          "attributes": {
            "connection_name": "round-water-280322:us-central1:db",
            "database_version": "MYSQL_5_7",
            "first_ip_address": "35.193.50.71",
            "id": "db",
            "ip_address": [
              {
                "ip_address": "35.193.50.71",
                "time_to_retire": "",
                "type": "PRIMARY"
              }
            ],
            "master_instance_name": "",
            "name": "db",
            "private_ip_address": "",
            "project": "round-water-280322",
            "public_ip_address": "35.193.50.71",
            "region": "us-central1",
            "replica_configuration": [],
            "self_link": "https://sqladmin.googleapis.com/sql/v1beta4/projects/round-water-280322/instances/db",
            "server_ca_cert": [
              {
                "cert": "-----BEGIN CERTIFICATE-----\nMIIDfzCCAmegAwIBAgIBADANBgkqhkiG9w0BAQsFADB3MS0wKwYDVQQuEyQzYTk5\nNWU4NC05ODM3LTRjMDItOTc2NS0yN2ZiYzdkZTEyN2YxIzAhBgNVBAMTGkdvb2ds\nZSBDbG91ZCBTUUwgU2VydmVyIENBMRQwEgYDVQQKEwtHb29nbGUsIEluYzELMAkG\nA1UEBhMCVVMwHhcNMjAwODEwMTg0NDUyWhcNMzAwODA4MTg0NTUyWjB3MS0wKwYD\nVQQuEyQzYTk5NWU4NC05ODM3LTRjMDItOTc2NS0yN2ZiYzdkZTEyN2YxIzAhBgNV\nBAMTGkdvb2dsZSBDbG91ZCBTUUwgU2VydmVyIENBMRQwEgYDVQQKEwtHb29nbGUs\nIEluYzELMAkGA1UEBhMCVVMwggEiMA0GCSqGSIb3DQEBAQUAA4IBDwAwggEKAoIB\nAQCN5EK5ZhltbXLRn/QdCOpeT5u0GlGoWLJ6nXbtYNcaCj1Ug7dZSeWb+oG0bVg4\nVahumPLkFWshb2X66OAnESPL+y1Gd9m4wGMxJ5Sbzj9neoJF6zlhhwOCNsGj7zgI\neX/Ua6J9Eau3rw/Pr1pPUY1ae7cUksNUAJz5ZB1iX0AEr6h/0bE2cCq8K5Ruw9eW\n+ErFUIZJm03PvBTSk623XmFN/g2q7CjigS4SFV9ZhgKSjKal3vYgWwYLspxeRSlK\nmMuY5/CGj4f++g8+Co6tJIEIRe1TfJU5DCBrLItNO0nFywAM5CEdC+dUuX19Wz1p\n4R8cwXNJahu6okCAlB+gU5AxAgMBAAGjFjAUMBIGA1UdEwEB/wQIMAYBAf8CAQAw\nDQYJKoZIhvcNAQELBQADggEBAGVkf/QUd34L0IbXG34cEdi2piMBI6WzdF0bfwfX\nkGjsrekW4UGAqCptyTy/ggvgioELJSnklGzLruWz1gUHnBlo38sV/HnwluJRFqEO\n/sMLMEX4BhPKtS1tCt6xGUf0HT++AWsQliYpZleYnirvyMSbyJtFbLtDAhl0vsp3\ngvZUDU+gNoNeMuqdgvDQrsxcx4gAQKKfiudr4G3hycPMJx0IZazKtn4LBeEg/hpe\n84H+AVq9GEbcYzAwpiRFbXWcL36UrVa2Bt6sPtOA3uNTjeN6aeLNcd3CRpqpR4sg\n0YhtKvkMDWj+b16Z4WIULK5br2bMx6bJTG9uu786Z54mG8M=\n-----END CERTIFICATE-----",
                "common_name": "C=US,O=Google\\, Inc,CN=Google Cloud SQL Server CA,dnQualifier=3a995e84-9837-4c02-9765-27fbc7de127f",
                "create_time": "2020-08-10T18:44:52.269Z",
                "expiration_time": "2030-08-08T18:45:52.269Z",
                "sha1_fingerprint": "e80a1bbbd26bbd9ea854fb05ff5ad92eb2fca74a"
              }
            ],
            "service_account_email_address": "p1060162816461-7lm3j8@gcp-sa-cloud-sql.iam.gserviceaccount.com",
            "settings": [
              {
                "activation_policy": "ALWAYS",
                "authorized_gae_applications": [],
                "availability_type": "",
                "backup_configuration": [
                  {
                    "binary_log_enabled": false,
                    "enabled": false,
                    "location": "",
                    "start_time": "16:00"
                  }
                ],
                "crash_safe_replication": false,
                "database_flags": [],
                "disk_autoresize": true,
                "disk_size": 10,
                "disk_type": "PD_SSD",
                "ip_configuration": [
                  {
                    "authorized_networks": [],
                    "ipv4_enabled": true,
                    "private_network": "",
                    "require_ssl": false
                  }
                ],
                "location_preference": [
                  {
                    "follow_gae_application": "",
                    "zone": "us-central1-a"
                  }
                ],
                "maintenance_window": [],
                "pricing_plan": "PER_USE",
                "replication_type": "SYNCHRONOUS",
                "tier": "db-f1-micro",
                "user_labels": {},
                "version": 1
              }
            ],
            "timeouts": null
          },
          "private": "eyJlMmJmYjczMC1lY2FhLTExZTYtOGY4OC0zNDM2M2JjN2M0YzAiOnsiY3JlYXRlIjoxMjAwMDAwMDAwMDAwLCJkZWxldGUiOjEyMDAwMDAwMDAwMDAsInVwZGF0ZSI6MTIwMDAwMDAwMDAwMH19"
        }
      ]
    },
    {
      "mode": "managed",
      "type": "google_sql_user",
      "name": "root",
      "provider": "provider.google",
      "instances": [
        {
          "schema_version": 1,
          "attributes": {
            "host": "",
            "id": "root//db",
            "instance": "db",
            "name": "root",
            "password": "admin",
            "project": "round-water-280322",
            "timeouts": null
          },
          "private": "eyJlMmJmYjczMC1lY2FhLTExZTYtOGY4OC0zNDM2M2JjN2M0YzAiOnsiY3JlYXRlIjo2MDAwMDAwMDAwMDAsImRlbGV0ZSI6NjAwMDAwMDAwMDAwLCJ1cGRhdGUiOjYwMDAwMDAwMDAwMH0sInNjaGVtYV92ZXJzaW9uIjoiMSJ9",
          "dependencies": [
            "google_sql_database_instance.db"
          ]
        }
      ]
    }
  ]
}
